
Microsoft Visual Studio Solution File, Format Version 12.00
# Visual Studio Version 17
VisualStudioVersion = 17.10.35122.118
MinimumVisualStudioVersion = 10.0.40219.1
Project("{FAE04EC0-301F-11D3-BF4B-00C04F79EFBC}") = "MovieCatalog", "MovieCatalog\MovieCatalog.csproj", "{66FCB96D-1E35-4FB8-86FB-602D3E8E0408}"
EndProject
Global
	GlobalSection(SolutionConfigurationPlatforms) = preSolution
		Debug|Any CPU = Debug|Any CPU
		Release|Any CPU = Release|Any CPU
	EndGlobalSection
	GlobalSection(ProjectConfigurationPlatforms) = postSolution
		{66FCB96D-1E35-4FB8-86FB-602D3E8E0408}.Debug|Any CPU.ActiveCfg = Debug|Any CPU
		{66FCB96D-1E35-4FB8-86FB-602D3E8E0408}.Debug|Any CPU.Build.0 = Debug|Any CPU
		{66FCB96D-1E35-4FB8-86FB-602D3E8E0408}.Release|Any CPU.ActiveCfg = Release|Any CPU
		{66FCB96D-1E35-4FB8-86FB-602D3E8E0408}.Release|Any CPU.Build.0 = Release|Any CPU
	EndGlobalSection
	GlobalSection(SolutionProperties) = preSolution
		HideSolutionNode = FALSE
	EndGlobalSection
	GlobalSection(ExtensibilityGlobals) = postSolution
		SolutionGuid = {165E4B84-FE72-413E-8F20-692C8DB2BB7E}
	EndGlobalSection
EndGlobal
