
Microsoft Visual Studio Solution File, Format Version 12.00
# Visual Studio Version 17
VisualStudioVersion = 17.9.34622.214
MinimumVisualStudioVersion = 10.0.40219.1
Project("{FAE04EC0-301F-11D3-BF4B-00C04F79EFBC}") = "PersonRegister", "PersonRegister\PersonRegister.csproj", "{17623413-DA09-4902-BC56-F1279690EC03}"
EndProject
Global
	GlobalSection(SolutionConfigurationPlatforms) = preSolution
		Debug|Any CPU = Debug|Any CPU
		Release|Any CPU = Release|Any CPU
	EndGlobalSection
	GlobalSection(ProjectConfigurationPlatforms) = postSolution
		{17623413-DA09-4902-BC56-F1279690EC03}.Debug|Any CPU.ActiveCfg = Debug|Any CPU
		{17623413-DA09-4902-BC56-F1279690EC03}.Debug|Any CPU.Build.0 = Debug|Any CPU
		{17623413-DA09-4902-BC56-F1279690EC03}.Release|Any CPU.ActiveCfg = Release|Any CPU
		{17623413-DA09-4902-BC56-F1279690EC03}.Release|Any CPU.Build.0 = Release|Any CPU
	EndGlobalSection
	GlobalSection(SolutionProperties) = preSolution
		HideSolutionNode = FALSE
	EndGlobalSection
	GlobalSection(ExtensibilityGlobals) = postSolution
		SolutionGuid = {D15142D0-EA77-49D6-A585-F90DA65A95BA}
	EndGlobalSection
EndGlobal
