
Microsoft Visual Studio Solution File, Format Version 12.00
# Visual Studio Version 17
VisualStudioVersion = 17.7.34031.279
MinimumVisualStudioVersion = 10.0.40219.1
Project("{9A19103F-16F7-4668-BE54-9A1E7A4F7556}") = "01.Songs", "01.Songs\01.Songs.csproj", "{0EBA4E16-5DFA-46D8-9E32-9972E2468C68}"
EndProject
Project("{9A19103F-16F7-4668-BE54-9A1E7A4F7556}") = "02.Students", "02.Students\02.Students.csproj", "{FB011F88-449B-457D-A2E1-2299925A7465}"
EndProject
Project("{9A19103F-16F7-4668-BE54-9A1E7A4F7556}") = "03.StoreBoxes", "03.StoreBoxes\03.StoreBoxes.csproj", "{2F654A27-0E4D-4BDA-B574-2F58AA2D7BDC}"
EndProject
Project("{9A19103F-16F7-4668-BE54-9A1E7A4F7556}") = "04.VehicleCatalogue", "04.VehicleCatalogue\04.VehicleCatalogue.csproj", "{6052C148-7026-4201-A6D9-05027C93256A}"
EndProject
Project("{9A19103F-16F7-4668-BE54-9A1E7A4F7556}") = "05.CarManufacturer", "05.CarManufacturer\05.CarManufacturer.csproj", "{FC1383D4-971A-43FD-A5A8-CCB79859ED42}"
EndProject
Project("{FAE04EC0-301F-11D3-BF4B-00C04F79EFBC}") = "06.Students", "06.Students\06.Students.csproj", "{52AE0014-0CCE-4927-A5CF-7B82DC08391A}"
EndProject
Project("{FAE04EC0-301F-11D3-BF4B-00C04F79EFBC}") = "07.Articles", "07.Articles\07.Articles.csproj", "{24066E76-A169-4E94-83DA-A7E623F617E9}"
EndProject
Project("{FAE04EC0-301F-11D3-BF4B-00C04F79EFBC}") = "08.TeamworkProjects", "08.TeamworkProjects\08.TeamworkProjects.csproj", "{80736BE6-FCEA-429F-A9F9-BEFC5FBFFA73}"
EndProject
Global
	GlobalSection(SolutionConfigurationPlatforms) = preSolution
		Debug|Any CPU = Debug|Any CPU
		Release|Any CPU = Release|Any CPU
	EndGlobalSection
	GlobalSection(ProjectConfigurationPlatforms) = postSolution
		{0EBA4E16-5DFA-46D8-9E32-9972E2468C68}.Debug|Any CPU.ActiveCfg = Debug|Any CPU
		{0EBA4E16-5DFA-46D8-9E32-9972E2468C68}.Debug|Any CPU.Build.0 = Debug|Any CPU
		{0EBA4E16-5DFA-46D8-9E32-9972E2468C68}.Release|Any CPU.ActiveCfg = Release|Any CPU
		{0EBA4E16-5DFA-46D8-9E32-9972E2468C68}.Release|Any CPU.Build.0 = Release|Any CPU
		{FB011F88-449B-457D-A2E1-2299925A7465}.Debug|Any CPU.ActiveCfg = Debug|Any CPU
		{FB011F88-449B-457D-A2E1-2299925A7465}.Debug|Any CPU.Build.0 = Debug|Any CPU
		{FB011F88-449B-457D-A2E1-2299925A7465}.Release|Any CPU.ActiveCfg = Release|Any CPU
		{FB011F88-449B-457D-A2E1-2299925A7465}.Release|Any CPU.Build.0 = Release|Any CPU
		{2F654A27-0E4D-4BDA-B574-2F58AA2D7BDC}.Debug|Any CPU.ActiveCfg = Debug|Any CPU
		{2F654A27-0E4D-4BDA-B574-2F58AA2D7BDC}.Debug|Any CPU.Build.0 = Debug|Any CPU
		{2F654A27-0E4D-4BDA-B574-2F58AA2D7BDC}.Release|Any CPU.ActiveCfg = Release|Any CPU
		{2F654A27-0E4D-4BDA-B574-2F58AA2D7BDC}.Release|Any CPU.Build.0 = Release|Any CPU
		{6052C148-7026-4201-A6D9-05027C93256A}.Debug|Any CPU.ActiveCfg = Debug|Any CPU
		{6052C148-7026-4201-A6D9-05027C93256A}.Debug|Any CPU.Build.0 = Debug|Any CPU
		{6052C148-7026-4201-A6D9-05027C93256A}.Release|Any CPU.ActiveCfg = Release|Any CPU
		{6052C148-7026-4201-A6D9-05027C93256A}.Release|Any CPU.Build.0 = Release|Any CPU
		{FC1383D4-971A-43FD-A5A8-CCB79859ED42}.Debug|Any CPU.ActiveCfg = Debug|Any CPU
		{FC1383D4-971A-43FD-A5A8-CCB79859ED42}.Debug|Any CPU.Build.0 = Debug|Any CPU
		{FC1383D4-971A-43FD-A5A8-CCB79859ED42}.Release|Any CPU.ActiveCfg = Release|Any CPU
		{FC1383D4-971A-43FD-A5A8-CCB79859ED42}.Release|Any CPU.Build.0 = Release|Any CPU
		{52AE0014-0CCE-4927-A5CF-7B82DC08391A}.Debug|Any CPU.ActiveCfg = Debug|Any CPU
		{52AE0014-0CCE-4927-A5CF-7B82DC08391A}.Debug|Any CPU.Build.0 = Debug|Any CPU
		{52AE0014-0CCE-4927-A5CF-7B82DC08391A}.Release|Any CPU.ActiveCfg = Release|Any CPU
		{52AE0014-0CCE-4927-A5CF-7B82DC08391A}.Release|Any CPU.Build.0 = Release|Any CPU
		{24066E76-A169-4E94-83DA-A7E623F617E9}.Debug|Any CPU.ActiveCfg = Debug|Any CPU
		{24066E76-A169-4E94-83DA-A7E623F617E9}.Debug|Any CPU.Build.0 = Debug|Any CPU
		{24066E76-A169-4E94-83DA-A7E623F617E9}.Release|Any CPU.ActiveCfg = Release|Any CPU
		{24066E76-A169-4E94-83DA-A7E623F617E9}.Release|Any CPU.Build.0 = Release|Any CPU
		{80736BE6-FCEA-429F-A9F9-BEFC5FBFFA73}.Debug|Any CPU.ActiveCfg = Debug|Any CPU
		{80736BE6-FCEA-429F-A9F9-BEFC5FBFFA73}.Debug|Any CPU.Build.0 = Debug|Any CPU
		{80736BE6-FCEA-429F-A9F9-BEFC5FBFFA73}.Release|Any CPU.ActiveCfg = Release|Any CPU
		{80736BE6-FCEA-429F-A9F9-BEFC5FBFFA73}.Release|Any CPU.Build.0 = Release|Any CPU
	EndGlobalSection
	GlobalSection(SolutionProperties) = preSolution
		HideSolutionNode = FALSE
	EndGlobalSection
	GlobalSection(ExtensibilityGlobals) = postSolution
		SolutionGuid = {6C62DFBF-6E90-4407-A182-372391353041}
	EndGlobalSection
EndGlobal
