
Microsoft Visual Studio Solution File, Format Version 12.00
# Visual Studio Version 17
VisualStudioVersion = 17.6.33801.468
MinimumVisualStudioVersion = 10.0.40219.1
Project("{9A19103F-16F7-4668-BE54-9A1E7A4F7556}") = "TestApp", "TestApp\TestApp.csproj", "{EE8D92E3-A0B1-4AC9-91EF-2B6DA3CF3AA6}"
EndProject
Project("{9A19103F-16F7-4668-BE54-9A1E7A4F7556}") = "TestApp.UnitTests", "TestApp.UnitTests\TestApp.UnitTests.csproj", "{0FCD6F92-582F-47A8-8DBC-18F22EA0F3D2}"
EndProject
Project("{FAE04EC0-301F-11D3-BF4B-00C04F79EFBC}") = "01.SquareRoot", "01.SquareRoot\01.SquareRoot.csproj", "{25B77A82-FB70-4ECF-86AF-F621E6D8D524}"
EndProject
Project("{FAE04EC0-301F-11D3-BF4B-00C04F79EFBC}") = "02.EnterNumbers", "02.EnterNumbers\02.EnterNumbers.csproj", "{74588EB0-C4B1-4C7A-9D63-334F8704FEA4}"
EndProject
Project("{FAE04EC0-301F-11D3-BF4B-00C04F79EFBC}") = "03.SumOfIntegers", "03.SumOfIntegers\03.SumOfIntegers.csproj", "{F9B7607E-959A-4EA4-9A71-E902591B7118}"
EndProject
Global
	GlobalSection(SolutionConfigurationPlatforms) = preSolution
		Debug|Any CPU = Debug|Any CPU
		Release|Any CPU = Release|Any CPU
	EndGlobalSection
	GlobalSection(ProjectConfigurationPlatforms) = postSolution
		{EE8D92E3-A0B1-4AC9-91EF-2B6DA3CF3AA6}.Debug|Any CPU.ActiveCfg = Debug|Any CPU
		{EE8D92E3-A0B1-4AC9-91EF-2B6DA3CF3AA6}.Debug|Any CPU.Build.0 = Debug|Any CPU
		{EE8D92E3-A0B1-4AC9-91EF-2B6DA3CF3AA6}.Release|Any CPU.ActiveCfg = Release|Any CPU
		{EE8D92E3-A0B1-4AC9-91EF-2B6DA3CF3AA6}.Release|Any CPU.Build.0 = Release|Any CPU
		{0FCD6F92-582F-47A8-8DBC-18F22EA0F3D2}.Debug|Any CPU.ActiveCfg = Debug|Any CPU
		{0FCD6F92-582F-47A8-8DBC-18F22EA0F3D2}.Debug|Any CPU.Build.0 = Debug|Any CPU
		{0FCD6F92-582F-47A8-8DBC-18F22EA0F3D2}.Release|Any CPU.ActiveCfg = Release|Any CPU
		{0FCD6F92-582F-47A8-8DBC-18F22EA0F3D2}.Release|Any CPU.Build.0 = Release|Any CPU
		{25B77A82-FB70-4ECF-86AF-F621E6D8D524}.Debug|Any CPU.ActiveCfg = Debug|Any CPU
		{25B77A82-FB70-4ECF-86AF-F621E6D8D524}.Debug|Any CPU.Build.0 = Debug|Any CPU
		{25B77A82-FB70-4ECF-86AF-F621E6D8D524}.Release|Any CPU.ActiveCfg = Release|Any CPU
		{25B77A82-FB70-4ECF-86AF-F621E6D8D524}.Release|Any CPU.Build.0 = Release|Any CPU
		{74588EB0-C4B1-4C7A-9D63-334F8704FEA4}.Debug|Any CPU.ActiveCfg = Debug|Any CPU
		{74588EB0-C4B1-4C7A-9D63-334F8704FEA4}.Debug|Any CPU.Build.0 = Debug|Any CPU
		{74588EB0-C4B1-4C7A-9D63-334F8704FEA4}.Release|Any CPU.ActiveCfg = Release|Any CPU
		{74588EB0-C4B1-4C7A-9D63-334F8704FEA4}.Release|Any CPU.Build.0 = Release|Any CPU
		{F9B7607E-959A-4EA4-9A71-E902591B7118}.Debug|Any CPU.ActiveCfg = Debug|Any CPU
		{F9B7607E-959A-4EA4-9A71-E902591B7118}.Debug|Any CPU.Build.0 = Debug|Any CPU
		{F9B7607E-959A-4EA4-9A71-E902591B7118}.Release|Any CPU.ActiveCfg = Release|Any CPU
		{F9B7607E-959A-4EA4-9A71-E902591B7118}.Release|Any CPU.Build.0 = Release|Any CPU
	EndGlobalSection
	GlobalSection(SolutionProperties) = preSolution
		HideSolutionNode = FALSE
	EndGlobalSection
	GlobalSection(ExtensibilityGlobals) = postSolution
		SolutionGuid = {400B69F0-ED2E-4FC4-A910-5EFF8163BFD2}
	EndGlobalSection
EndGlobal
