
Microsoft Visual Studio Solution File, Format Version 12.00
# Visual Studio Version 17
VisualStudioVersion = 17.9.34728.123
MinimumVisualStudioVersion = 10.0.40219.1
Project("{9A19103F-16F7-4668-BE54-9A1E7A4F7556}") = "ExportedTests", "ExportedTests\ExportedTests.csproj", "{CCDA4992-5FB7-4815-BD56-E2313C65F7C1}"
EndProject
Global
	GlobalSection(SolutionConfigurationPlatforms) = preSolution
		Debug|Any CPU = Debug|Any CPU
		Release|Any CPU = Release|Any CPU
	EndGlobalSection
	GlobalSection(ProjectConfigurationPlatforms) = postSolution
		{CCDA4992-5FB7-4815-BD56-E2313C65F7C1}.Debug|Any CPU.ActiveCfg = Debug|Any CPU
		{CCDA4992-5FB7-4815-BD56-E2313C65F7C1}.Debug|Any CPU.Build.0 = Debug|Any CPU
		{CCDA4992-5FB7-4815-BD56-E2313C65F7C1}.Release|Any CPU.ActiveCfg = Release|Any CPU
		{CCDA4992-5FB7-4815-BD56-E2313C65F7C1}.Release|Any CPU.Build.0 = Release|Any CPU
	EndGlobalSection
	GlobalSection(SolutionProperties) = preSolution
		HideSolutionNode = FALSE
	EndGlobalSection
	GlobalSection(ExtensibilityGlobals) = postSolution
		SolutionGuid = {76E61471-7549-46B8-BBE6-62F5C0414949}
	EndGlobalSection
EndGlobal
