
Microsoft Visual Studio Solution File, Format Version 12.00
# Visual Studio Version 17
VisualStudioVersion = 17.9.34728.123
MinimumVisualStudioVersion = 10.0.40219.1
Project("{FAE04EC0-301F-11D3-BF4B-00C04F79EFBC}") = "StorySpoilApiTests", "StorySpoilApiTests\StorySpoilApiTests.csproj", "{77EEA3FA-52D8-4BD8-8438-152347B37665}"
EndProject
Global
	GlobalSection(SolutionConfigurationPlatforms) = preSolution
		Debug|Any CPU = Debug|Any CPU
		Release|Any CPU = Release|Any CPU
	EndGlobalSection
	GlobalSection(ProjectConfigurationPlatforms) = postSolution
		{77EEA3FA-52D8-4BD8-8438-152347B37665}.Debug|Any CPU.ActiveCfg = Debug|Any CPU
		{77EEA3FA-52D8-4BD8-8438-152347B37665}.Debug|Any CPU.Build.0 = Debug|Any CPU
		{77EEA3FA-52D8-4BD8-8438-152347B37665}.Release|Any CPU.ActiveCfg = Release|Any CPU
		{77EEA3FA-52D8-4BD8-8438-152347B37665}.Release|Any CPU.Build.0 = Release|Any CPU
	EndGlobalSection
	GlobalSection(SolutionProperties) = preSolution
		HideSolutionNode = FALSE
	EndGlobalSection
	GlobalSection(ExtensibilityGlobals) = postSolution
		SolutionGuid = {57CC39BD-CF7D-429F-B145-EFA9428A5D64}
	EndGlobalSection
EndGlobal
