
Microsoft Visual Studio Solution File, Format Version 12.00
# Visual Studio Version 17
VisualStudioVersion = 17.7.34031.279
MinimumVisualStudioVersion = 10.0.40219.1
Project("{FAE04EC0-301F-11D3-BF4B-00C04F79EFBC}") = "01.NumberPyramid", "01.NumberPyramid\01.NumberPyramid.csproj", "{916CA8BD-E676-4D45-A01A-62A742B77A59}"
EndProject
Global
	GlobalSection(SolutionConfigurationPlatforms) = preSolution
		Debug|Any CPU = Debug|Any CPU
		Release|Any CPU = Release|Any CPU
	EndGlobalSection
	GlobalSection(ProjectConfigurationPlatforms) = postSolution
		{916CA8BD-E676-4D45-A01A-62A742B77A59}.Debug|Any CPU.ActiveCfg = Debug|Any CPU
		{916CA8BD-E676-4D45-A01A-62A742B77A59}.Debug|Any CPU.Build.0 = Debug|Any CPU
		{916CA8BD-E676-4D45-A01A-62A742B77A59}.Release|Any CPU.ActiveCfg = Release|Any CPU
		{916CA8BD-E676-4D45-A01A-62A742B77A59}.Release|Any CPU.Build.0 = Release|Any CPU
	EndGlobalSection
	GlobalSection(SolutionProperties) = preSolution
		HideSolutionNode = FALSE
	EndGlobalSection
	GlobalSection(ExtensibilityGlobals) = postSolution
		SolutionGuid = {7F9D26C8-A136-496E-A7BC-23858C64FFA3}
	EndGlobalSection
EndGlobal
