
Microsoft Visual Studio Solution File, Format Version 12.00
# Visual Studio Version 17
VisualStudioVersion = 17.7.34031.279
MinimumVisualStudioVersion = 10.0.40219.1
Project("{9A19103F-16F7-4668-BE54-9A1E7A4F7556}") = "01.Cinema", "01.Cinema\01.Cinema.csproj", "{BC03453B-D35A-46AF-8320-97140DB00403}"
EndProject
Project("{FAE04EC0-301F-11D3-BF4B-00C04F79EFBC}") = "02.SummerClothing", "02.SummerClothing\02.SummerClothing.csproj", "{B59D2119-95E2-4910-BF14-C38F90716071}"
EndProject
Global
	GlobalSection(SolutionConfigurationPlatforms) = preSolution
		Debug|Any CPU = Debug|Any CPU
		Release|Any CPU = Release|Any CPU
	EndGlobalSection
	GlobalSection(ProjectConfigurationPlatforms) = postSolution
		{BC03453B-D35A-46AF-8320-97140DB00403}.Debug|Any CPU.ActiveCfg = Debug|Any CPU
		{BC03453B-D35A-46AF-8320-97140DB00403}.Debug|Any CPU.Build.0 = Debug|Any CPU
		{BC03453B-D35A-46AF-8320-97140DB00403}.Release|Any CPU.ActiveCfg = Release|Any CPU
		{BC03453B-D35A-46AF-8320-97140DB00403}.Release|Any CPU.Build.0 = Release|Any CPU
		{B59D2119-95E2-4910-BF14-C38F90716071}.Debug|Any CPU.ActiveCfg = Debug|Any CPU
		{B59D2119-95E2-4910-BF14-C38F90716071}.Debug|Any CPU.Build.0 = Debug|Any CPU
		{B59D2119-95E2-4910-BF14-C38F90716071}.Release|Any CPU.ActiveCfg = Release|Any CPU
		{B59D2119-95E2-4910-BF14-C38F90716071}.Release|Any CPU.Build.0 = Release|Any CPU
	EndGlobalSection
	GlobalSection(SolutionProperties) = preSolution
		HideSolutionNode = FALSE
	EndGlobalSection
	GlobalSection(ExtensibilityGlobals) = postSolution
		SolutionGuid = {B559C491-D3EF-48EF-B8AE-1138C2E0C050}
	EndGlobalSection
EndGlobal
