
Microsoft Visual Studio Solution File, Format Version 12.00
# Visual Studio Version 17
VisualStudioVersion = 17.9.34622.214
MinimumVisualStudioVersion = 10.0.40219.1
Project("{9A19103F-16F7-4668-BE54-9A1E7A4F7556}") = "Demo", "Demo\Demo.csproj", "{1BDCBCAC-74E1-42F1-8E7B-CC5846B8355F}"
EndProject
Project("{FAE04EC0-301F-11D3-BF4B-00C04F79EFBC}") = "RestSharpDemo", "RestSharpDemo\RestSharpDemo.csproj", "{A9DBA637-D16D-4E2F-BB9B-7882A4D2F9B7}"
EndProject
Global
	GlobalSection(SolutionConfigurationPlatforms) = preSolution
		Debug|Any CPU = Debug|Any CPU
		Release|Any CPU = Release|Any CPU
	EndGlobalSection
	GlobalSection(ProjectConfigurationPlatforms) = postSolution
		{1BDCBCAC-74E1-42F1-8E7B-CC5846B8355F}.Debug|Any CPU.ActiveCfg = Debug|Any CPU
		{1BDCBCAC-74E1-42F1-8E7B-CC5846B8355F}.Debug|Any CPU.Build.0 = Debug|Any CPU
		{1BDCBCAC-74E1-42F1-8E7B-CC5846B8355F}.Release|Any CPU.ActiveCfg = Release|Any CPU
		{1BDCBCAC-74E1-42F1-8E7B-CC5846B8355F}.Release|Any CPU.Build.0 = Release|Any CPU
		{A9DBA637-D16D-4E2F-BB9B-7882A4D2F9B7}.Debug|Any CPU.ActiveCfg = Debug|Any CPU
		{A9DBA637-D16D-4E2F-BB9B-7882A4D2F9B7}.Debug|Any CPU.Build.0 = Debug|Any CPU
		{A9DBA637-D16D-4E2F-BB9B-7882A4D2F9B7}.Release|Any CPU.ActiveCfg = Release|Any CPU
		{A9DBA637-D16D-4E2F-BB9B-7882A4D2F9B7}.Release|Any CPU.Build.0 = Release|Any CPU
	EndGlobalSection
	GlobalSection(SolutionProperties) = preSolution
		HideSolutionNode = FALSE
	EndGlobalSection
	GlobalSection(ExtensibilityGlobals) = postSolution
		SolutionGuid = {C274F28F-5ED4-4104-8724-E8AC74327B56}
	EndGlobalSection
EndGlobal
