
Microsoft Visual Studio Solution File, Format Version 12.00
# Visual Studio Version 17
VisualStudioVersion = 17.7.34031.279
MinimumVisualStudioVersion = 10.0.40219.1
Project("{9A19103F-16F7-4668-BE54-9A1E7A4F7556}") = "ExerciseOopHierarchy", "ExerciseOopHierarchy\ExerciseOopHierarchy.csproj", "{CE5E56CE-791C-406B-82F9-8DC9C6391E37}"
EndProject
Project("{9A19103F-16F7-4668-BE54-9A1E7A4F7556}") = "WildFarm", "WildFarm\WildFarm.csproj", "{76100200-43C0-40DE-9801-EEA5DB6914ED}"
EndProject
Global
	GlobalSection(SolutionConfigurationPlatforms) = preSolution
		Debug|Any CPU = Debug|Any CPU
		Release|Any CPU = Release|Any CPU
	EndGlobalSection
	GlobalSection(ProjectConfigurationPlatforms) = postSolution
		{CE5E56CE-791C-406B-82F9-8DC9C6391E37}.Debug|Any CPU.ActiveCfg = Debug|Any CPU
		{CE5E56CE-791C-406B-82F9-8DC9C6391E37}.Debug|Any CPU.Build.0 = Debug|Any CPU
		{CE5E56CE-791C-406B-82F9-8DC9C6391E37}.Release|Any CPU.ActiveCfg = Release|Any CPU
		{CE5E56CE-791C-406B-82F9-8DC9C6391E37}.Release|Any CPU.Build.0 = Release|Any CPU
		{76100200-43C0-40DE-9801-EEA5DB6914ED}.Debug|Any CPU.ActiveCfg = Debug|Any CPU
		{76100200-43C0-40DE-9801-EEA5DB6914ED}.Debug|Any CPU.Build.0 = Debug|Any CPU
		{76100200-43C0-40DE-9801-EEA5DB6914ED}.Release|Any CPU.ActiveCfg = Release|Any CPU
		{76100200-43C0-40DE-9801-EEA5DB6914ED}.Release|Any CPU.Build.0 = Release|Any CPU
	EndGlobalSection
	GlobalSection(SolutionProperties) = preSolution
		HideSolutionNode = FALSE
	EndGlobalSection
	GlobalSection(ExtensibilityGlobals) = postSolution
		SolutionGuid = {14CD9112-5F4F-40A8-8B1B-AAF371C320AB}
	EndGlobalSection
EndGlobal
