
Microsoft Visual Studio Solution File, Format Version 12.00
# Visual Studio Version 17
VisualStudioVersion = 17.7.34031.279
MinimumVisualStudioVersion = 10.0.40219.1
Project("{FAE04EC0-301F-11D3-BF4B-00C04F79EFBC}") = "01.SignOfNumbers", "01.SignOfNumbers\01.SignOfNumbers.csproj", "{D763FFD7-9A19-42A3-8FEE-7650E70190D1}"
EndProject
Project("{FAE04EC0-301F-11D3-BF4B-00C04F79EFBC}") = "02.Grades", "02.Grades\02.Grades.csproj", "{58A84C2E-DEAF-496A-8E42-F028074D9A8D}"
EndProject
Project("{FAE04EC0-301F-11D3-BF4B-00C04F79EFBC}") = "03.PrintingTriangle", "03.PrintingTriangle\03.PrintingTriangle.csproj", "{2BE5A79B-9B83-4742-BA97-6A7CAA267482}"
EndProject
Project("{FAE04EC0-301F-11D3-BF4B-00C04F79EFBC}") = "04.CalculateRectangleArea", "04.CalculateRectangleArea\04.CalculateRectangleArea.csproj", "{6E35D776-AFB3-4DF8-A352-F20B5846B8A2}"
EndProject
Project("{FAE04EC0-301F-11D3-BF4B-00C04F79EFBC}") = "05.RepeatString", "05.RepeatString\05.RepeatString.csproj", "{43EA5525-7647-45E7-A70D-5D00D42E05DC}"
EndProject
Project("{FAE04EC0-301F-11D3-BF4B-00C04F79EFBC}") = "06.MathPower", "06.MathPower\06.MathPower.csproj", "{24B78AF3-D1EB-4727-8E3B-14CBDBF98ED2}"
EndProject
Project("{FAE04EC0-301F-11D3-BF4B-00C04F79EFBC}") = "07.GreaterOfTwo", "07.GreaterOfTwo\07.GreaterOfTwo.csproj", "{9B900479-1A67-4661-AFB5-17B6EFE74601}"
EndProject
Project("{FAE04EC0-301F-11D3-BF4B-00C04F79EFBC}") = "08.MultiplyEvenByOdd", "08.MultiplyEvenByOdd\08.MultiplyEvenByOdd.csproj", "{D02C6322-F4E2-4814-8C35-B63A71F5E84D}"
EndProject
Project("{FAE04EC0-301F-11D3-BF4B-00C04F79EFBC}") = "09.Orders", "09.Orders\09.Orders.csproj", "{1E836052-2E47-4253-BA79-02FB22DDBC13}"
EndProject
Global
	GlobalSection(SolutionConfigurationPlatforms) = preSolution
		Debug|Any CPU = Debug|Any CPU
		Release|Any CPU = Release|Any CPU
	EndGlobalSection
	GlobalSection(ProjectConfigurationPlatforms) = postSolution
		{D763FFD7-9A19-42A3-8FEE-7650E70190D1}.Debug|Any CPU.ActiveCfg = Debug|Any CPU
		{D763FFD7-9A19-42A3-8FEE-7650E70190D1}.Debug|Any CPU.Build.0 = Debug|Any CPU
		{D763FFD7-9A19-42A3-8FEE-7650E70190D1}.Release|Any CPU.ActiveCfg = Release|Any CPU
		{D763FFD7-9A19-42A3-8FEE-7650E70190D1}.Release|Any CPU.Build.0 = Release|Any CPU
		{58A84C2E-DEAF-496A-8E42-F028074D9A8D}.Debug|Any CPU.ActiveCfg = Debug|Any CPU
		{58A84C2E-DEAF-496A-8E42-F028074D9A8D}.Debug|Any CPU.Build.0 = Debug|Any CPU
		{58A84C2E-DEAF-496A-8E42-F028074D9A8D}.Release|Any CPU.ActiveCfg = Release|Any CPU
		{58A84C2E-DEAF-496A-8E42-F028074D9A8D}.Release|Any CPU.Build.0 = Release|Any CPU
		{2BE5A79B-9B83-4742-BA97-6A7CAA267482}.Debug|Any CPU.ActiveCfg = Debug|Any CPU
		{2BE5A79B-9B83-4742-BA97-6A7CAA267482}.Debug|Any CPU.Build.0 = Debug|Any CPU
		{2BE5A79B-9B83-4742-BA97-6A7CAA267482}.Release|Any CPU.ActiveCfg = Release|Any CPU
		{2BE5A79B-9B83-4742-BA97-6A7CAA267482}.Release|Any CPU.Build.0 = Release|Any CPU
		{6E35D776-AFB3-4DF8-A352-F20B5846B8A2}.Debug|Any CPU.ActiveCfg = Debug|Any CPU
		{6E35D776-AFB3-4DF8-A352-F20B5846B8A2}.Debug|Any CPU.Build.0 = Debug|Any CPU
		{6E35D776-AFB3-4DF8-A352-F20B5846B8A2}.Release|Any CPU.ActiveCfg = Release|Any CPU
		{6E35D776-AFB3-4DF8-A352-F20B5846B8A2}.Release|Any CPU.Build.0 = Release|Any CPU
		{43EA5525-7647-45E7-A70D-5D00D42E05DC}.Debug|Any CPU.ActiveCfg = Debug|Any CPU
		{43EA5525-7647-45E7-A70D-5D00D42E05DC}.Debug|Any CPU.Build.0 = Debug|Any CPU
		{43EA5525-7647-45E7-A70D-5D00D42E05DC}.Release|Any CPU.ActiveCfg = Release|Any CPU
		{43EA5525-7647-45E7-A70D-5D00D42E05DC}.Release|Any CPU.Build.0 = Release|Any CPU
		{24B78AF3-D1EB-4727-8E3B-14CBDBF98ED2}.Debug|Any CPU.ActiveCfg = Debug|Any CPU
		{24B78AF3-D1EB-4727-8E3B-14CBDBF98ED2}.Debug|Any CPU.Build.0 = Debug|Any CPU
		{24B78AF3-D1EB-4727-8E3B-14CBDBF98ED2}.Release|Any CPU.ActiveCfg = Release|Any CPU
		{24B78AF3-D1EB-4727-8E3B-14CBDBF98ED2}.Release|Any CPU.Build.0 = Release|Any CPU
		{9B900479-1A67-4661-AFB5-17B6EFE74601}.Debug|Any CPU.ActiveCfg = Debug|Any CPU
		{9B900479-1A67-4661-AFB5-17B6EFE74601}.Debug|Any CPU.Build.0 = Debug|Any CPU
		{9B900479-1A67-4661-AFB5-17B6EFE74601}.Release|Any CPU.ActiveCfg = Release|Any CPU
		{9B900479-1A67-4661-AFB5-17B6EFE74601}.Release|Any CPU.Build.0 = Release|Any CPU
		{D02C6322-F4E2-4814-8C35-B63A71F5E84D}.Debug|Any CPU.ActiveCfg = Debug|Any CPU
		{D02C6322-F4E2-4814-8C35-B63A71F5E84D}.Debug|Any CPU.Build.0 = Debug|Any CPU
		{D02C6322-F4E2-4814-8C35-B63A71F5E84D}.Release|Any CPU.ActiveCfg = Release|Any CPU
		{D02C6322-F4E2-4814-8C35-B63A71F5E84D}.Release|Any CPU.Build.0 = Release|Any CPU
		{1E836052-2E47-4253-BA79-02FB22DDBC13}.Debug|Any CPU.ActiveCfg = Debug|Any CPU
		{1E836052-2E47-4253-BA79-02FB22DDBC13}.Debug|Any CPU.Build.0 = Debug|Any CPU
		{1E836052-2E47-4253-BA79-02FB22DDBC13}.Release|Any CPU.ActiveCfg = Release|Any CPU
		{1E836052-2E47-4253-BA79-02FB22DDBC13}.Release|Any CPU.Build.0 = Release|Any CPU
	EndGlobalSection
	GlobalSection(SolutionProperties) = preSolution
		HideSolutionNode = FALSE
	EndGlobalSection
	GlobalSection(ExtensibilityGlobals) = postSolution
		SolutionGuid = {356E25D3-BB64-4531-9366-BEF0AECF7106}
	EndGlobalSection
EndGlobal
